
Microsoft Visual Studio Solution File, Format Version 12.00
# Visual Studio Version 16
VisualStudioVersion = 16.0.30002.166
MinimumVisualStudioVersion = 10.0.40219.1
Project("{9A19103F-16F7-4668-BE54-9A1E7A4F7556}") = "BlazorCRUD.Server", "BlazorCRUD\Server\BlazorCRUD.Server.csproj", "{650B5840-8CE4-4DE5-8D6F-53B6CD8A25BB}"
EndProject
Project("{9A19103F-16F7-4668-BE54-9A1E7A4F7556}") = "BlazorCRUD.Client", "BlazorCRUD\Client\BlazorCRUD.Client.csproj", "{31EC9168-ED06-4B73-B3D0-70DF4BF548C7}"
EndProject
Project("{9A19103F-16F7-4668-BE54-9A1E7A4F7556}") = "BlazorCRUD.Shared", "BlazorCRUD\Shared\BlazorCRUD.Shared.csproj", "{74F7B42D-6718-442A-A93D-E110498961A8}"
EndProject
Global
	GlobalSection(SolutionConfigurationPlatforms) = preSolution
		Debug|Any CPU = Debug|Any CPU
		Release|Any CPU = Release|Any CPU
	EndGlobalSection
	GlobalSection(ProjectConfigurationPlatforms) = postSolution
		{650B5840-8CE4-4DE5-8D6F-53B6CD8A25BB}.Debug|Any CPU.ActiveCfg = Debug|Any CPU
		{650B5840-8CE4-4DE5-8D6F-53B6CD8A25BB}.Debug|Any CPU.Build.0 = Debug|Any CPU
		{650B5840-8CE4-4DE5-8D6F-53B6CD8A25BB}.Release|Any CPU.ActiveCfg = Release|Any CPU
		{650B5840-8CE4-4DE5-8D6F-53B6CD8A25BB}.Release|Any CPU.Build.0 = Release|Any CPU
		{31EC9168-ED06-4B73-B3D0-70DF4BF548C7}.Debug|Any CPU.ActiveCfg = Debug|Any CPU
		{31EC9168-ED06-4B73-B3D0-70DF4BF548C7}.Debug|Any CPU.Build.0 = Debug|Any CPU
		{31EC9168-ED06-4B73-B3D0-70DF4BF548C7}.Release|Any CPU.ActiveCfg = Release|Any CPU
		{31EC9168-ED06-4B73-B3D0-70DF4BF548C7}.Release|Any CPU.Build.0 = Release|Any CPU
		{74F7B42D-6718-442A-A93D-E110498961A8}.Debug|Any CPU.ActiveCfg = Debug|Any CPU
		{74F7B42D-6718-442A-A93D-E110498961A8}.Debug|Any CPU.Build.0 = Debug|Any CPU
		{74F7B42D-6718-442A-A93D-E110498961A8}.Release|Any CPU.ActiveCfg = Release|Any CPU
		{74F7B42D-6718-442A-A93D-E110498961A8}.Release|Any CPU.Build.0 = Release|Any CPU
	EndGlobalSection
	GlobalSection(SolutionProperties) = preSolution
		HideSolutionNode = FALSE
	EndGlobalSection
	GlobalSection(ExtensibilityGlobals) = postSolution
		SolutionGuid = {6596F5AD-D48D-4E48-94EF-A9C4E4103B70}
	EndGlobalSection
EndGlobal
